Microsoft Visual Studio Solution File, Format Version 11.00
# Visual Studio 2008

Project("{C7409A35-0C5F-3777-C147-47E2CA78EB97}") = "IDBOX_Borderiwng", "Assembly-CSharp.csproj", "{137A0998-4B72-373E-41A2-23C08857F177}"
EndProject
Global
	GlobalSection(SolutionConfigurationPlatforms) = preSolution
		Debug|Any CPU = Debug|Any CPU
		Release|Any CPU = Release|Any CPU
	EndGlobalSection
	GlobalSection(ProjectConfigurationPlatforms) = postSolution
		{137A0998-4B72-373E-41A2-23C08857F177}.Debug|Any CPU.ActiveCfg = Debug|Any CPU
		{137A0998-4B72-373E-41A2-23C08857F177}.Debug|Any CPU.Build.0 = Debug|Any CPU
		{137A0998-4B72-373E-41A2-23C08857F177}.Release|Any CPU.ActiveCfg = Release|Any CPU
		{137A0998-4B72-373E-41A2-23C08857F177}.Release|Any CPU.Build.0 = Release|Any CPU
	EndGlobalSection
	GlobalSection(SolutionProperties) = preSolution
		HideSolutionNode = FALSE
	EndGlobalSection
	GlobalSection(MonoDevelopProperties) = preSolution
		StartupItem = Assembly-CSharp.csproj
	EndGlobalSection
EndGlobal
